github.com/ALiwoto/StrongStringGo v1.0.4 h1:QqlO3bkbLxPq/B4iKhBRF48FYIoApNHQnFQBkCPoT00=
github.com/ALiwoto/StrongStringGo v1.0.4/go.mod h1:t7WxtiphnwdgJaq443DSCAw7q+Ut3V8Pg1kT6IcdKmE=
github.com/ALiwoto/StrongStringGo v1.0.6 h1:O2pZ58qu2gGXA57JjDqtleWSCHP9kkm4vZO/hdLJunI=
github.com/ALiwoto/StrongStringGo v1.0.6/go.mod h1:t7WxtiphnwdgJaq443DSCAw7q+Ut3V8Pg1kT6IcdKmE=
